Microsoft Visual Studio Solution File, Format Version 12.00
# Visual Studio Version 17
VisualStudioVersion = 17.5.2.0
MinimumVisualStudioVersion = 10.0.40219.1
Project("{FAE04EC0-301F-11D3-BF4B-00C04F79EFBC}") = "GatosFunctionApp", "GatosFunctionApp\GatosFunctionApp.csproj", "{91C48A62-ED78-B690-4E84-99873F44DEF1}"
EndProject
Global
	GlobalSection(SolutionConfigurationPlatforms) = preSolution
		Debug|Any CPU = Debug|Any CPU
		Release|Any CPU = Release|Any CPU
	EndGlobalSection
	GlobalSection(ProjectConfigurationPlatforms) = postSolution
		{91C48A62-ED78-B690-4E84-99873F44DEF1}.Debug|Any CPU.ActiveCfg = Debug|Any CPU
		{91C48A62-ED78-B690-4E84-99873F44DEF1}.Debug|Any CPU.Build.0 = Debug|Any CPU
		{91C48A62-ED78-B690-4E84-99873F44DEF1}.Release|Any CPU.ActiveCfg = Release|Any CPU
		{91C48A62-ED78-B690-4E84-99873F44DEF1}.Release|Any CPU.Build.0 = Release|Any CPU
	EndGlobalSection
	GlobalSection(SolutionProperties) = preSolution
		HideSolutionNode = FALSE
	EndGlobalSection
	GlobalSection(ExtensibilityGlobals) = postSolution
		SolutionGuid = {B8D789B6-7C39-47D1-B768-B52308B7A5A0}
	EndGlobalSection
EndGlobal
